
Microsoft Visual Studio Solution File, Format Version 12.00
# Visual Studio Version 17
VisualStudioVersion = 17.0.32126.317
MinimumVisualStudioVersion = 10.0.40219.1
Project("{FAE04EC0-301F-11D3-BF4B-00C04F79EFBC}") = "LR1", "LR1\LR1.csproj", "{931B1AAA-893D-414F-A715-1A2EBF25780E}"
EndProject
Global
	GlobalSection(SolutionConfigurationPlatforms) = preSolution
		Debug|Any CPU = Debug|Any CPU
		Release|Any CPU = Release|Any CPU
	EndGlobalSection
	GlobalSection(ProjectConfigurationPlatforms) = postSolution
		{931B1AAA-893D-414F-A715-1A2EBF25780E}.Debug|Any CPU.ActiveCfg = Debug|Any CPU
		{931B1AAA-893D-414F-A715-1A2EBF25780E}.Debug|Any CPU.Build.0 = Debug|Any CPU
		{931B1AAA-893D-414F-A715-1A2EBF25780E}.Release|Any CPU.ActiveCfg = Release|Any CPU
		{931B1AAA-893D-414F-A715-1A2EBF25780E}.Release|Any CPU.Build.0 = Release|Any CPU
	EndGlobalSection
	GlobalSection(SolutionProperties) = preSolution
		HideSolutionNode = FALSE
	EndGlobalSection
	GlobalSection(ExtensibilityGlobals) = postSolution
		SolutionGuid = {2D327410-E9AB-4238-9C8B-12E73DB93053}
	EndGlobalSection
EndGlobal
